
Microsoft Visual Studio Solution File, Format Version 12.00
# Visual Studio Version 17
VisualStudioVersion = 17.0.31903.59
MinimumVisualStudioVersion = 10.0.40219.1
Project("{FAE04EC0-301F-11D3-BF4B-00C04F79EFBC}") = "zit.dev", "zit\zit.dev.csproj", "{12853DBA-B295-4C7B-9772-4BC51FFF8E59}"
EndProject
Project("{FAE04EC0-301F-11D3-BF4B-00C04F79EFBC}") = "zit.test", "test\zit.test.csproj", "{89EE0689-C4AF-4122-A225-85F88ED8E42E}"
EndProject
Global
	GlobalSection(SolutionConfigurationPlatforms) = preSolution
		Debug|Any CPU = Debug|Any CPU
		Release|Any CPU = Release|Any CPU
	EndGlobalSection
	GlobalSection(SolutionProperties) = preSolution
		HideSolutionNode = FALSE
	EndGlobalSection
	GlobalSection(ProjectConfigurationPlatforms) = postSolution
		{A339E66F-464F-4C2B-9E2D-120B452CB2A3}.Debug|Any CPU.ActiveCfg = Debug|Any CPU
		{A339E66F-464F-4C2B-9E2D-120B452CB2A3}.Debug|Any CPU.Build.0 = Debug|Any CPU
		{A339E66F-464F-4C2B-9E2D-120B452CB2A3}.Release|Any CPU.ActiveCfg = Release|Any CPU
		{A339E66F-464F-4C2B-9E2D-120B452CB2A3}.Release|Any CPU.Build.0 = Release|Any CPU
		{BACB1319-524C-4E9D-B107-E203D450176D}.Debug|Any CPU.ActiveCfg = Debug|Any CPU
		{BACB1319-524C-4E9D-B107-E203D450176D}.Debug|Any CPU.Build.0 = Debug|Any CPU
		{BACB1319-524C-4E9D-B107-E203D450176D}.Release|Any CPU.ActiveCfg = Release|Any CPU
		{BACB1319-524C-4E9D-B107-E203D450176D}.Release|Any CPU.Build.0 = Release|Any CPU
		{12853DBA-B295-4C7B-9772-4BC51FFF8E59}.Debug|Any CPU.ActiveCfg = Debug|Any CPU
		{12853DBA-B295-4C7B-9772-4BC51FFF8E59}.Debug|Any CPU.Build.0 = Debug|Any CPU
		{12853DBA-B295-4C7B-9772-4BC51FFF8E59}.Release|Any CPU.ActiveCfg = Release|Any CPU
		{12853DBA-B295-4C7B-9772-4BC51FFF8E59}.Release|Any CPU.Build.0 = Release|Any CPU
		{89EE0689-C4AF-4122-A225-85F88ED8E42E}.Debug|Any CPU.ActiveCfg = Debug|Any CPU
		{89EE0689-C4AF-4122-A225-85F88ED8E42E}.Debug|Any CPU.Build.0 = Debug|Any CPU
		{89EE0689-C4AF-4122-A225-85F88ED8E42E}.Release|Any CPU.ActiveCfg = Release|Any CPU
		{89EE0689-C4AF-4122-A225-85F88ED8E42E}.Release|Any CPU.Build.0 = Release|Any CPU
	EndGlobalSection
EndGlobal
